{
  "name": "vgridjs",
  "version": "1.0.1",
  "lockfileVersion": 3,
  "requires": true,
  "packages": {
    "": {
      "name": "vgridjs",
      "version": "1.0.1",
      "license": "ISC",
      "dependencies": {
        "vgridjs": "^1.0.1"
      }
    },
    "node_modules/vgridjs": {
      "version": "1.0.1",
      "resolved": "https://registry.npmjs.org/vgridjs/-/vgridjs-1.0.1.tgz",
      "integrity": "sha512-waduqAtbu/dgYh1xdjES6G35Ev9sac4rbT19ySismh0XYBpYQy18x+PNBrD5nCbnyrhkSvn57qBLQCW5n5/MAA=="
    }
  }
}
